// !$*UTF8*$!
{
	archiveVersion = 1;
	classes = {
	};
	objectVersion = 55;
	objects = {

/* Begin PBXBuildFile section */
		533051252693535600DF9DEB /* RSTextField.m in Sources */ = {isa = PBXBuildFile; fileRef = 533051242693535600DF9DEB /* RSTextField.m */; };
		533051282693538600DF9DEB /* RSAuthButton.m in Sources */ = {isa = PBXBuildFile; fileRef = 533051272693538600DF9DEB /* RSAuthButton.m */; };
		5330512C2693847900DF9DEB /* RSSecureButton.m in Sources */ = {isa = PBXBuildFile; fileRef = 5330512B2693847900DF9DEB /* RSSecureButton.m */; };
		534C9318269334F90066F5FB /* AppDelegate.m in Sources */ = {isa = PBXBuildFile; fileRef = 534C9317269334F90066F5FB /* AppDelegate.m */; };
		534C9323269334FA0066F5FB /* Assets.xcassets in Resources */ = {isa = PBXBuildFile; fileRef = 534C9322269334FA0066F5FB /* Assets.xcassets */; };
		534C9326269334FA0066F5FB /* LaunchScreen.storyboard in Resources */ = {isa = PBXBuildFile; fileRef = 534C9324269334FA0066F5FB /* LaunchScreen.storyboard */; };
		534C9329269334FA0066F5FB /* main.m in Sources */ = {isa = PBXBuildFile; fileRef = 534C9328269334FA0066F5FB /* main.m */; };
		534C93322693356A0066F5FB /* LoginViewController.m in Sources */ = {isa = PBXBuildFile; fileRef = 534C93302693356A0066F5FB /* LoginViewController.m */; };
		534C93332693356A0066F5FB /* LoginViewController.xib in Resources */ = {isa = PBXBuildFile; fileRef = 534C93312693356A0066F5FB /* LoginViewController.xib */; };
/* End PBXBuildFile section */

/* Begin PBXFileReference section */
		533051232693535600DF9DEB /* RSTextField.h */ = {isa = PBXFileReference; lastKnownFileType = sourcecode.c.h; path = RSTextField.h; sourceTree = "<group>"; };
		533051242693535600DF9DEB /* RSTextField.m */ = {isa = PBXFileReference; lastKnownFileType = sourcecode.c.objc; path = RSTextField.m; sourceTree = "<group>"; };
		533051262693538600DF9DEB /* RSAuthButton.h */ = {isa = PBXFileReference; lastKnownFileType = sourcecode.c.h; path = RSAuthButton.h; sourceTree = "<group>"; };
		533051272693538600DF9DEB /* RSAuthButton.m */ = {isa = PBXFileReference; lastKnownFileType = sourcecode.c.objc; path = RSAuthButton.m; sourceTree = "<group>"; };
		5330512A2693847900DF9DEB /* RSSecureButton.h */ = {isa = PBXFileReference; lastKnownFileType = sourcecode.c.h; path = RSSecureButton.h; sourceTree = "<group>"; };
		5330512B2693847900DF9DEB /* RSSecureButton.m */ = {isa = PBXFileReference; lastKnownFileType = sourcecode.c.objc; path = RSSecureButton.m; sourceTree = "<group>"; };
		534C9313269334F90066F5FB /* rs.ios.stage-task7.app */ = {isa = PBXFileReference; explicitFileType = wrapper.application; includeInIndex = 0; path = "rs.ios.stage-task7.app"; sourceTree = BUILT_PRODUCTS_DIR; };
		534C9316269334F90066F5FB /* AppDelegate.h */ = {isa = PBXFileReference; lastKnownFileType = sourcecode.c.h; path = AppDelegate.h; sourceTree = "<group>"; };
		534C9317269334F90066F5FB /* AppDelegate.m */ = {isa = PBXFileReference; lastKnownFileType = sourcecode.c.objc; path = AppDelegate.m; sourceTree = "<group>"; };
		534C9322269334FA0066F5FB /* Assets.xcassets */ = {isa = PBXFileReference; lastKnownFileType = folder.assetcatalog; path = Assets.xcassets; sourceTree = "<group>"; };
		534C9325269334FA0066F5FB /* Base */ = {isa = PBXFileReference; lastKnownFileType = file.storyboard; name = Base; path = Base.lproj/LaunchScreen.storyboard; sourceTree = "<group>"; };
		534C9327269334FA0066F5FB /* Info.plist */ = {isa = PBXFileReference; lastKnownFileType = text.plist.xml; path = Info.plist; sourceTree = "<group>"; };
		534C9328269334FA0066F5FB /* main.m */ = {isa = PBXFileReference; lastKnownFileType = sourcecode.c.objc; path = main.m; sourceTree = "<group>"; };
		534C932F2693356A0066F5FB /* LoginViewController.h */ = {isa = PBXFileReference; lastKnownFileType = sourcecode.c.h; path = LoginViewController.h; sourceTree = "<group>"; };
		534C93302693356A0066F5FB /* LoginViewController.m */ = {isa = PBXFileReference; lastKnownFileType = sourcecode.c.objc; path = LoginViewController.m; sourceTree = "<group>"; };
		534C93312693356A0066F5FB /* LoginViewController.xib */ = {isa = PBXFileReference; lastKnownFileType = file.xib; path = LoginViewController.xib; sourceTree = "<group>"; };
/* End PBXFileReference section */

/* Begin PBXFrameworksBuildPhase section */
		534C9310269334F90066F5FB /* Frameworks */ = {
			isa = PBXFrameworksBuildPhase;
			buildActionMask = 2147483647;
			files = (
			);
			runOnlyForDeploymentPostprocessing = 0;
		};
/* End PBXFrameworksBuildPhase section */

/* Begin PBXGroup section */
		533051292693538C00DF9DEB /* Custom UIControlls */ = {
			isa = PBXGroup;
			children = (
				533051232693535600DF9DEB /* RSTextField.h */,
				533051242693535600DF9DEB /* RSTextField.m */,
				533051262693538600DF9DEB /* RSAuthButton.h */,
				533051272693538600DF9DEB /* RSAuthButton.m */,
				5330512A2693847900DF9DEB /* RSSecureButton.h */,
				5330512B2693847900DF9DEB /* RSSecureButton.m */,
			);
			path = "Custom UIControlls";
			sourceTree = "<group>";
		};
		534C930A269334F90066F5FB = {
			isa = PBXGroup;
			children = (
				534C9315269334F90066F5FB /* rs.ios.stage-task7 */,
				534C9314269334F90066F5FB /* Products */,
			);
			sourceTree = "<group>";
		};
		534C9314269334F90066F5FB /* Products */ = {
			isa = PBXGroup;
			children = (
				534C9313269334F90066F5FB /* rs.ios.stage-task7.app */,
			);
			name = Products;
			sourceTree = "<group>";
		};
		534C9315269334F90066F5FB /* rs.ios.stage-task7 */ = {
			isa = PBXGroup;
			children = (
				534C9316269334F90066F5FB /* AppDelegate.h */,
				534C9317269334F90066F5FB /* AppDelegate.m */,
				534C9322269334FA0066F5FB /* Assets.xcassets */,
				534C9324269334FA0066F5FB /* LaunchScreen.storyboard */,
				534C9327269334FA0066F5FB /* Info.plist */,
				534C9328269334FA0066F5FB /* main.m */,
				534C933426933DB30066F5FB /* LoginVC */,
				533051292693538C00DF9DEB /* Custom UIControlls */,
			);
			path = "rs.ios.stage-task7";
			sourceTree = "<group>";
		};
		534C933426933DB30066F5FB /* LoginVC */ = {
			isa = PBXGroup;
			children = (
				534C932F2693356A0066F5FB /* LoginViewController.h */,
				534C93302693356A0066F5FB /* LoginViewController.m */,
				534C93312693356A0066F5FB /* LoginViewController.xib */,
			);
			path = LoginVC;
			sourceTree = "<group>";
		};
/* End PBXGroup section */

/* Begin PBXNativeTarget section */
		534C9312269334F90066F5FB /* rs.ios.stage-task7 */ = {
			isa = PBXNativeTarget;
			buildConfigurationList = 534C932C269334FA0066F5FB /* Build configuration list for PBXNativeTarget "rs.ios.stage-task7" */;
			buildPhases = (
				534C930F269334F90066F5FB /* Sources */,
				534C9310269334F90066F5FB /* Frameworks */,
				534C9311269334F90066F5FB /* Resources */,
			);
			buildRules = (
			);
			dependencies = (
			);
			name = "rs.ios.stage-task7";
			productName = "rs.ios.stage-task7";
			productReference = 534C9313269334F90066F5FB /* rs.ios.stage-task7.app */;
			productType = "com.apple.product-type.application";
		};
/* End PBXNativeTarget section */

/* Begin PBXProject section */
		534C930B269334F90066F5FB /* Project object */ = {
			isa = PBXProject;
			attributes = {
				BuildIndependentTargetsInParallel = NO;
				LastUpgradeCheck = 1300;
				TargetAttributes = {
					534C9312269334F90066F5FB = {
						CreatedOnToolsVersion = 13.0;
					};
				};
			};
			buildConfigurationList = 534C930E269334F90066F5FB /* Build configuration list for PBXProject "rs.ios.stage-task7" */;
			compatibilityVersion = "Xcode 13.0";
			developmentRegion = en;
			hasScannedForEncodings = 0;
			knownRegions = (
				en,
				Base,
			);
			mainGroup = 534C930A269334F90066F5FB;
			productRefGroup = 534C9314269334F90066F5FB /* Products */;
			projectDirPath = "";
			projectRoot = "";
			targets = (
				534C9312269334F90066F5FB /* rs.ios.stage-task7 */,
			);
		};
/* End PBXProject section */

/* Begin PBXResourcesBuildPhase section */
		534C9311269334F90066F5FB /* Resources */ = {
			isa = PBXResourcesBuildPhase;
			buildActionMask = 2147483647;
			files = (
				534C9326269334FA0066F5FB /* LaunchScreen.storyboard in Resources */,
				534C9323269334FA0066F5FB /* Assets.xcassets in Resources */,
				534C93332693356A0066F5FB /* LoginViewController.xib in Resources */,
			);
			runOnlyForDeploymentPostprocessing = 0;
		};
/* End PBXResourcesBuildPhase section */

/* Begin PBXSourcesBuildPhase section */
		534C930F269334F90066F5FB /* Sources */ = {
			isa = PBXSourcesBuildPhase;
			buildActionMask = 2147483647;
			files = (
				534C9318269334F90066F5FB /* AppDelegate.m in Sources */,
				534C9329269334FA0066F5FB /* main.m in Sources */,
				533051252693535600DF9DEB /* RSTextField.m in Sources */,
				5330512C2693847900DF9DEB /* RSSecureButton.m in Sources */,
				533051282693538600DF9DEB /* RSAuthButton.m in Sources */,
				534C93322693356A0066F5FB /* LoginViewController.m in Sources */,
			);
			runOnlyForDeploymentPostprocessing = 0;
		};
/* End PBXSourcesBuildPhase section */

/* Begin PBXVariantGroup section */
		534C9324269334FA0066F5FB /* LaunchScreen.storyboard */ = {
			isa = PBXVariantGroup;
			children = (
				534C9325269334FA0066F5FB /* Base */,
			);
			name = LaunchScreen.storyboard;
			sourceTree = "<group>";
		};
/* End PBXVariantGroup section */

/* Begin XCBuildConfiguration section */
		534C932A269334FA0066F5FB /* Debug */ = {
			isa = XCBuildConfiguration;
			buildSettings = {
				ALWAYS_SEARCH_USER_PATHS = NO;
				CLANG_ANALYZER_NONNULL = YES;
				CLANG_ANALYZER_NUMBER_OBJECT_CONVERSION = YES_AGGRESSIVE;
				CLANG_CXX_LANGUAGE_STANDARD = "gnu++14";
				CLANG_CXX_LIBRARY = "libc++";
				CLANG_ENABLE_MODULES = YES;
				CLANG_ENABLE_OBJC_ARC = YES;
				CLANG_ENABLE_OBJC_WEAK = YES;
				CLANG_WARN_BLOCK_CAPTURE_AUTORELEASING = YES;
				CLANG_WARN_BOOL_CONVERSION = YES;
				CLANG_WARN_COMMA = YES;
				CLANG_WARN_CONSTANT_CONVERSION = YES;
				CLANG_WARN_DEPRECATED_OBJC_IMPLEMENTATIONS = YES;
				CLANG_WARN_DIRECT_OBJC_ISA_USAGE = YES_ERROR;
				CLANG_WARN_DOCUMENTATION_COMMENTS = YES;
				CLANG_WARN_EMPTY_BODY = YES;
				CLANG_WARN_ENUM_CONVERSION = YES;
				CLANG_WARN_INFINITE_RECURSION = YES;
				CLANG_WARN_INT_CONVERSION = YES;
				CLANG_WARN_NON_LITERAL_NULL_CONVERSION = YES;
				CLANG_WARN_OBJC_IMPLICIT_RETAIN_SELF = YES;
				CLANG_WARN_OBJC_LITERAL_CONVERSION = YES;
				CLANG_WARN_OBJC_ROOT_CLASS = YES_ERROR;
				CLANG_WARN_QUOTED_INCLUDE_IN_FRAMEWORK_HEADER = YES;
				CLANG_WARN_RANGE_LOOP_ANALYSIS = YES;
				CLANG_WARN_STRICT_PROTOTYPES = YES;
				CLANG_WARN_SUSPICIOUS_MOVE = YES;
				CLANG_WARN_UNGUARDED_AVAILABILITY = YES_AGGRESSIVE;
				CLANG_WARN_UNREACHABLE_CODE = YES;
				CLANG_WARN__DUPLICATE_METHOD_MATCH = YES;
				COPY_PHASE_STRIP = NO;
				DEBUG_INFORMATION_FORMAT = dwarf;
				ENABLE_STRICT_OBJC_MSGSEND = YES;
				ENABLE_TESTABILITY = YES;
				GCC_C_LANGUAGE_STANDARD = gnu11;
				GCC_DYNAMIC_NO_PIC = NO;
				GCC_NO_COMMON_BLOCKS = YES;
				GCC_OPTIMIZATION_LEVEL = 0;
				GCC_PREPROCESSOR_DEFINITIONS = (
					"DEBUG=1",
					"$(inherited)",
				);
				GCC_WARN_64_TO_32_BIT_CONVERSION = YES;
				GCC_WARN_ABOUT_RETURN_TYPE = YES_ERROR;
				GCC_WARN_UNDECLARED_SELECTOR = YES;
				GCC_WARN_UNINITIALIZED_AUTOS = YES_AGGRESSIVE;
				GCC_WARN_UNUSED_FUNCTION = YES;
				GCC_WARN_UNUSED_VARIABLE = YES;
				IPHONEOS_DEPLOYMENT_TARGET = 12.1;
				MTL_ENABLE_DEBUG_INFO = INCLUDE_SOURCE;
				MTL_FAST_MATH = YES;
				ONLY_ACTIVE_ARCH = YES;
				SDKROOT = iphoneos;
			};
			name = Debug;
		};
		534C932B269334FA0066F5FB /* Release */ = {
			isa = XCBuildConfiguration;
			buildSettings = {
				ALWAYS_SEARCH_USER_PATHS = NO;
				CLANG_ANALYZER_NONNULL = YES;
				CLANG_ANALYZER_NUMBER_OBJECT_CONVERSION = YES_AGGRESSIVE;
				CLANG_CXX_LANGUAGE_STANDARD = "gnu++14";
				CLANG_CXX_LIBRARY = "libc++";
				CLANG_ENABLE_MODULES = YES;
				CLANG_ENABLE_OBJC_ARC = YES;
				CLANG_ENABLE_OBJC_WEAK = YES;
				CLANG_WARN_BLOCK_CAPTURE_AUTORELEASING = YES;
				CLANG_WARN_BOOL_CONVERSION = YES;
				CLANG_WARN_COMMA = YES;
				CLANG_WARN_CONSTANT_CONVERSION = YES;
				CLANG_WARN_DEPRECATED_OBJC_IMPLEMENTATIONS = YES;
				CLANG_WARN_DIRECT_OBJC_ISA_USAGE = YES_ERROR;
				CLANG_WARN_DOCUMENTATION_COMMENTS = YES;
				CLANG_WARN_EMPTY_BODY = YES;
				CLANG_WARN_ENUM_CONVERSION = YES;
				CLANG_WARN_INFINITE_RECURSION = YES;
				CLANG_WARN_INT_CONVERSION = YES;
				CLANG_WARN_NON_LITERAL_NULL_CONVERSION = YES;
				CLANG_WARN_OBJC_IMPLICIT_RETAIN_SELF = YES;
				CLANG_WARN_OBJC_LITERAL_CONVERSION = YES;
				CLANG_WARN_OBJC_ROOT_CLASS = YES_ERROR;
				CLANG_WARN_QUOTED_INCLUDE_IN_FRAMEWORK_HEADER = YES;
				CLANG_WARN_RANGE_LOOP_ANALYSIS = YES;
				CLANG_WARN_STRICT_PROTOTYPES = YES;
				CLANG_WARN_SUSPICIOUS_MOVE = YES;
				CLANG_WARN_UNGUARDED_AVAILABILITY = YES_AGGRESSIVE;
				CLANG_WARN_UNREACHABLE_CODE = YES;
				CLANG_WARN__DUPLICATE_METHOD_MATCH = YES;
				COPY_PHASE_STRIP = NO;
				DEBUG_INFORMATION_FORMAT = "dwarf-with-dsym";
				ENABLE_NS_ASSERTIONS = NO;
				ENABLE_STRICT_OBJC_MSGSEND = YES;
				GCC_C_LANGUAGE_STANDARD = gnu11;
				GCC_NO_COMMON_BLOCKS = YES;
				GCC_WARN_64_TO_32_BIT_CONVERSION = YES;
				GCC_WARN_ABOUT_RETURN_TYPE = YES_ERROR;
				GCC_WARN_UNDECLARED_SELECTOR = YES;
				GCC_WARN_UNINITIALIZED_AUTOS = YES_AGGRESSIVE;
				GCC_WARN_UNUSED_FUNCTION = YES;
				GCC_WARN_UNUSED_VARIABLE = YES;
				IPHONEOS_DEPLOYMENT_TARGET = 12.1;
				MTL_ENABLE_DEBUG_INFO = NO;
				MTL_FAST_MATH = YES;
				SDKROOT = iphoneos;
				VALIDATE_PRODUCT = YES;
			};
			name = Release;
		};
		534C932D269334FA0066F5FB /* Debug */ = {
			isa = XCBuildConfiguration;
			buildSettings = {
				ASSETCATALOG_COMPILER_APPICON_NAME = AppIcon;
				ASSETCATALOG_COMPILER_GLOBAL_ACCENT_COLOR_NAME = AccentColor;
				CODE_SIGN_STYLE = Automatic;
				CURRENT_PROJECT_VERSION = 1;
				DEVELOPMENT_TEAM = HCZ476YPVU;
				GENERATE_INFOPLIST_FILE = YES;
				INFOPLIST_FILE = "rs.ios.stage-task7/Info.plist";
				INFOPLIST_KEY_CFBundleExecutable = "rs.ios.stage-task7";
				INFOPLIST_KEY_CFBundleName = "rs.ios.stage-task7";
				INFOPLIST_KEY_CFBundleVersion = 1;
				INFOPLIST_KEY_UIApplicationSupportsIndirectInputEvents = YES;
				INFOPLIST_KEY_UILaunchStoryboardName = LaunchScreen;
				INFOPLIST_KEY_UISupportedInterfaceOrientations = UIInterfaceOrientationPortrait;
				INFOPLIST_KEY_UISupportedInterfaceOrientations_iPad = "UIInterfaceOrientationPortrait UIInterfaceOrientationPortraitUpsideDown UIInterfaceOrientationLandscapeLeft UIInterfaceOrientationLandscapeRight";
				INFOPLIST_KEY_UISupportedInterfaceOrientations_iPhone = "UIInterfaceOrientationPortrait UIInterfaceOrientationLandscapeLeft UIInterfaceOrientationLandscapeRight";
				IPHONEOS_DEPLOYMENT_TARGET = 12.1;
				LD_RUNPATH_SEARCH_PATHS = (
					"$(inherited)",
					"@executable_path/Frameworks",
				);
				MARKETING_VERSION = 1.0;
				PRODUCT_BUNDLE_IDENTIFIER = "com.glebtregubov.rs-ios-stage-task7";
				PRODUCT_NAME = "$(TARGET_NAME)";
				SWIFT_EMIT_LOC_STRINGS = YES;
				TARGETED_DEVICE_FAMILY = 1;
			};
			name = Debug;
		};
		534C932E269334FA0066F5FB /* Release */ = {
			isa = XCBuildConfiguration;
			buildSettings = {
				ASSETCATALOG_COMPILER_APPICON_NAME = AppIcon;
				ASSETCATALOG_COMPILER_GLOBAL_ACCENT_COLOR_NAME = AccentColor;
				CODE_SIGN_STYLE = Automatic;
				CURRENT_PROJECT_VERSION = 1;
				DEVELOPMENT_TEAM = HCZ476YPVU;
				GENERATE_INFOPLIST_FILE = YES;
				INFOPLIST_FILE = "rs.ios.stage-task7/Info.plist";
				INFOPLIST_KEY_CFBundleExecutable = "rs.ios.stage-task7";
				INFOPLIST_KEY_CFBundleName = "rs.ios.stage-task7";
				INFOPLIST_KEY_CFBundleVersion = 1;
				INFOPLIST_KEY_UIApplicationSupportsIndirectInputEvents = YES;
				INFOPLIST_KEY_UILaunchStoryboardName = LaunchScreen;
				INFOPLIST_KEY_UISupportedInterfaceOrientations = UIInterfaceOrientationPortrait;
				INFOPLIST_KEY_UISupportedInterfaceOrientations_iPad = "UIInterfaceOrientationPortrait UIInterfaceOrientationPortraitUpsideDown UIInterfaceOrientationLandscapeLeft UIInterfaceOrientationLandscapeRight";
				INFOPLIST_KEY_UISupportedInterfaceOrientations_iPhone = "UIInterfaceOrientationPortrait UIInterfaceOrientationLandscapeLeft UIInterfaceOrientationLandscapeRight";
				IPHONEOS_DEPLOYMENT_TARGET = 12.1;
				LD_RUNPATH_SEARCH_PATHS = (
					"$(inherited)",
					"@executable_path/Frameworks",
				);
				MARKETING_VERSION = 1.0;
				PRODUCT_BUNDLE_IDENTIFIER = "com.glebtregubov.rs-ios-stage-task7";
				PRODUCT_NAME = "$(TARGET_NAME)";
				SWIFT_EMIT_LOC_STRINGS = YES;
				TARGETED_DEVICE_FAMILY = 1;
			};
			name = Release;
		};
/* End XCBuildConfiguration section */

/* Begin XCConfigurationList section */
		534C930E269334F90066F5FB /* Build configuration list for PBXProject "rs.ios.stage-task7" */ = {
			isa = XCConfigurationList;
			buildConfigurations = (
				534C932A269334FA0066F5FB /* Debug */,
				534C932B269334FA0066F5FB /* Release */,
			);
			defaultConfigurationIsVisible = 0;
			defaultConfigurationName = Release;
		};
		534C932C269334FA0066F5FB /* Build configuration list for PBXNativeTarget "rs.ios.stage-task7" */ = {
			isa = XCConfigurationList;
			buildConfigurations = (
				534C932D269334FA0066F5FB /* Debug */,
				534C932E269334FA0066F5FB /* Release */,
			);
			defaultConfigurationIsVisible = 0;
			defaultConfigurationName = Release;
		};
/* End XCConfigurationList section */
	};
	rootObject = 534C930B269334F90066F5FB /* Project object */;
}
